
Microsoft Visual Studio Solution File, Format Version 12.00
# Visual Studio 2012
Project("{FAE04EC0-301F-11D3-BF4B-00C04F79EFBC}") = "Ending Balance", "Ending Balance\Ending Balance.csproj", "{33D73275-C9CA-43D4-B879-79BFFFEF0A4A}"
EndProject
Global
	GlobalSection(SolutionConfigurationPlatforms) = preSolution
		Debug|Any CPU = Debug|Any CPU
		Release|Any CPU = Release|Any CPU
	EndGlobalSection
	GlobalSection(ProjectConfigurationPlatforms) = postSolution
		{33D73275-C9CA-43D4-B879-79BFFFEF0A4A}.Debug|Any CPU.ActiveCfg = Debug|Any CPU
		{33D73275-C9CA-43D4-B879-79BFFFEF0A4A}.Debug|Any CPU.Build.0 = Debug|Any CPU
		{33D73275-C9CA-43D4-B879-79BFFFEF0A4A}.Release|Any CPU.ActiveCfg = Release|Any CPU
		{33D73275-C9CA-43D4-B879-79BFFFEF0A4A}.Release|Any CPU.Build.0 = Release|Any CPU
	EndGlobalSection
	GlobalSection(SolutionProperties) = preSolution
		HideSolutionNode = FALSE
	EndGlobalSection
EndGlobal
